{
    "_meta": {
        "hash": {
            "sha256": "27696707c5bcf4afcd460725babd5c6383c5fa803fdfc50f4909db7b75fe801a"
        },
        "pipfile-spec": 6,
        "requires": {
            "python_version": "3.12"
        },
        "sources": [
            {
                "name": "pypi",
                "url": "https://pypi.org/simple",
                "verify_ssl": true
            }
        ]
    },
    "default": {
        "xerox": {
            "hashes": [
                "sha256:1b598ed4ba017374f02e9cef983febdd19dba79a5301856fdba985c490b14325"
            ],
            "index": "pypi",
            "version": "==0.4.1"
        },
        "youtube-dl": {
            "hashes": [
                "sha256:bc59e86c5d15d887ac590454511f08ce2c47698d5a82c27bfe27b5d814bbaed2",
                "sha256:f1336d5de68647e0364a47b3c0712578e59ec76f02048ff5c50ef1c69d79cd55"
            ],
            "index": "pypi",
            "version": "==2021.12.17"
        }
    },
    "develop": {}
}
